// !$*UTF8*$!
{
	archiveVersion = 1;
	classes = {
	};
	objectVersion = 56;
	objects = {

/* Begin PBXBuildFile section */
		B63BEAA12B54103F00086648 /* AppDelegate.swift in Sources */ = {isa = PBXBuildFile; fileRef = B63BEAA02B54103F00086648 /* AppDelegate.swift */; };
		B63BEAA32B54103F00086648 /* SceneDelegate.swift in Sources */ = {isa = PBXBuildFile; fileRef = B63BEAA22B54103F00086648 /* SceneDelegate.swift */; };
		B63BEAA52B54103F00086648 /* ViewController.swift in Sources */ = {isa = PBXBuildFile; fileRef = B63BEAA42B54103F00086648 /* ViewController.swift */; };
		B63BEAAA2B54104000086648 /* Assets.xcassets in Resources */ = {isa = PBXBuildFile; fileRef = B63BEAA92B54104000086648 /* Assets.xcassets */; };
		B63BEAAD2B54104000086648 /* LaunchScreen.storyboard in Resources */ = {isa = PBXBuildFile; fileRef = B63BEAAB2B54104000086648 /* LaunchScreen.storyboard */; };
		B63BEABA2B54155700086648 /* .gitignore in Resources */ = {isa = PBXBuildFile; fileRef = B63BEAB92B54155700086648 /* .gitignore */; };
		B63BEABD2B54158800086648 /* README.md in Resources */ = {isa = PBXBuildFile; fileRef = B63BEABC2B54158800086648 /* README.md */; };
		B63BEAC02B541D8400086648 /* SnapKit in Frameworks */ = {isa = PBXBuildFile; productRef = B63BEABF2B541D8400086648 /* SnapKit */; };
		B63BEAC22B541D8400086648 /* SnapKit-Dynamic in Frameworks */ = {isa = PBXBuildFile; productRef = B63BEAC12B541D8400086648 /* SnapKit-Dynamic */; };
		B63BEAC52B541EA800086648 /* UITextField+Extensions.swift in Sources */ = {isa = PBXBuildFile; fileRef = B63BEAC42B541EA800086648 /* UITextField+Extensions.swift */; };
		B63BEAC92B541F9000086648 /* UIButton+Extensions.swift in Sources */ = {isa = PBXBuildFile; fileRef = B63BEAC82B541F9000086648 /* UIButton+Extensions.swift */; };
/* End PBXBuildFile section */

/* Begin PBXFileReference section */
		B63BEA9D2B54103F00086648 /* iOS12-HW11-Andrey-Manuilov.app */ = {isa = PBXFileReference; explicitFileType = wrapper.application; includeInIndex = 0; path = "iOS12-HW11-Andrey-Manuilov.app"; sourceTree = BUILT_PRODUCTS_DIR; };
		B63BEAA02B54103F00086648 /* AppDelegate.swift */ = {isa = PBXFileReference; lastKnownFileType = sourcecode.swift; path = AppDelegate.swift; sourceTree = "<group>"; };
		B63BEAA22B54103F00086648 /* SceneDelegate.swift */ = {isa = PBXFileReference; lastKnownFileType = sourcecode.swift; path = SceneDelegate.swift; sourceTree = "<group>"; };
		B63BEAA42B54103F00086648 /* ViewController.swift */ = {isa = PBXFileReference; lastKnownFileType = sourcecode.swift; path = ViewController.swift; sourceTree = "<group>"; };
		B63BEAA92B54104000086648 /* Assets.xcassets */ = {isa = PBXFileReference; lastKnownFileType = folder.assetcatalog; path = Assets.xcassets; sourceTree = "<group>"; };
		B63BEAAC2B54104000086648 /* Base */ = {isa = PBXFileReference; lastKnownFileType = file.storyboard; name = Base; path = Base.lproj/LaunchScreen.storyboard; sourceTree = "<group>"; };
		B63BEAAE2B54104000086648 /* Info.plist */ = {isa = PBXFileReference; lastKnownFileType = text.plist.xml; path = Info.plist; sourceTree = "<group>"; };
		B63BEAB92B54155700086648 /* .gitignore */ = {isa = PBXFileReference; lastKnownFileType = text; path = .gitignore; sourceTree = "<group>"; };
		B63BEABC2B54158800086648 /* README.md */ = {isa = PBXFileReference; lastKnownFileType = net.daringfireball.markdown; path = README.md; sourceTree = "<group>"; };
		B63BEAC42B541EA800086648 /* UITextField+Extensions.swift */ = {isa = PBXFileReference; lastKnownFileType = sourcecode.swift; path = "UITextField+Extensions.swift"; sourceTree = "<group>"; };
		B63BEAC82B541F9000086648 /* UIButton+Extensions.swift */ = {isa = PBXFileReference; lastKnownFileType = sourcecode.swift; path = "UIButton+Extensions.swift"; sourceTree = "<group>"; };
/* End PBXFileReference section */

/* Begin PBXFrameworksBuildPhase section */
		B63BEA9A2B54103F00086648 /* Frameworks */ = {
			isa = PBXFrameworksBuildPhase;
			buildActionMask = 2147483647;
			files = (
				B63BEAC02B541D8400086648 /* SnapKit in Frameworks */,
				B63BEAC22B541D8400086648 /* SnapKit-Dynamic in Frameworks */,
			);
			runOnlyForDeploymentPostprocessing = 0;
		};
/* End PBXFrameworksBuildPhase section */

/* Begin PBXGroup section */
		B63BEA942B54103F00086648 = {
			isa = PBXGroup;
			children = (
				B63BEA9F2B54103F00086648 /* iOS12-HW11-Andrey-Manuilov */,
				B63BEA9E2B54103F00086648 /* Products */,
			);
			sourceTree = "<group>";
		};
		B63BEA9E2B54103F00086648 /* Products */ = {
			isa = PBXGroup;
			children = (
				B63BEA9D2B54103F00086648 /* iOS12-HW11-Andrey-Manuilov.app */,
			);
			name = Products;
			sourceTree = "<group>";
		};
		B63BEA9F2B54103F00086648 /* iOS12-HW11-Andrey-Manuilov */ = {
			isa = PBXGroup;
			children = (
				B63BEAB52B54117D00086648 /* Sources */,
				B63BEAB42B54117200086648 /* Resources */,
				B63BEAB92B54155700086648 /* .gitignore */,
				B63BEABC2B54158800086648 /* README.md */,
			);
			path = "iOS12-HW11-Andrey-Manuilov";
			sourceTree = "<group>";
		};
		B63BEAB42B54117200086648 /* Resources */ = {
			isa = PBXGroup;
			children = (
				B63BEAA92B54104000086648 /* Assets.xcassets */,
				B63BEAB82B5412AA00086648 /* Configuration */,
			);
			path = Resources;
			sourceTree = "<group>";
		};
		B63BEAB52B54117D00086648 /* Sources */ = {
			isa = PBXGroup;
			children = (
				B63BEAC32B541E3500086648 /* Extensions */,
				B63BEAB72B54125800086648 /* App */,
				B63BEAB62B54119000086648 /* Storyboards */,
			);
			path = Sources;
			sourceTree = "<group>";
		};
		B63BEAB62B54119000086648 /* Storyboards */ = {
			isa = PBXGroup;
			children = (
				B63BEAAB2B54104000086648 /* LaunchScreen.storyboard */,
			);
			path = Storyboards;
			sourceTree = "<group>";
		};
		B63BEAB72B54125800086648 /* App */ = {
			isa = PBXGroup;
			children = (
				B63BEAA02B54103F00086648 /* AppDelegate.swift */,
				B63BEAA22B54103F00086648 /* SceneDelegate.swift */,
				B63BEAA42B54103F00086648 /* ViewController.swift */,
			);
			path = App;
			sourceTree = "<group>";
		};
		B63BEAB82B5412AA00086648 /* Configuration */ = {
			isa = PBXGroup;
			children = (
				B63BEAAE2B54104000086648 /* Info.plist */,
			);
			path = Configuration;
			sourceTree = "<group>";
		};
		B63BEAC32B541E3500086648 /* Extensions */ = {
			isa = PBXGroup;
			children = (
				B63BEAC42B541EA800086648 /* UITextField+Extensions.swift */,
				B63BEAC82B541F9000086648 /* UIButton+Extensions.swift */,
			);
			path = Extensions;
			sourceTree = "<group>";
		};
/* End PBXGroup section */

/* Begin PBXNativeTarget section */
		B63BEA9C2B54103F00086648 /* iOS12-HW11-Andrey-Manuilov */ = {
			isa = PBXNativeTarget;
			buildConfigurationList = B63BEAB12B54104000086648 /* Build configuration list for PBXNativeTarget "iOS12-HW11-Andrey-Manuilov" */;
			buildPhases = (
				B63BEA992B54103F00086648 /* Sources */,
				B63BEA9A2B54103F00086648 /* Frameworks */,
				B63BEA9B2B54103F00086648 /* Resources */,
			);
			buildRules = (
			);
			dependencies = (
			);
			name = "iOS12-HW11-Andrey-Manuilov";
			packageProductDependencies = (
				B63BEABF2B541D8400086648 /* SnapKit */,
				B63BEAC12B541D8400086648 /* SnapKit-Dynamic */,
			);
			productName = "iOS12-HW11-Andrey-Manuilov";
			productReference = B63BEA9D2B54103F00086648 /* iOS12-HW11-Andrey-Manuilov.app */;
			productType = "com.apple.product-type.application";
		};
/* End PBXNativeTarget section */

/* Begin PBXProject section */
		B63BEA952B54103F00086648 /* Project object */ = {
			isa = PBXProject;
			attributes = {
				BuildIndependentTargetsInParallel = 1;
				LastSwiftUpdateCheck = 1500;
				LastUpgradeCheck = 1500;
				TargetAttributes = {
					B63BEA9C2B54103F00086648 = {
						CreatedOnToolsVersion = 15.0;
					};
				};
			};
			buildConfigurationList = B63BEA982B54103F00086648 /* Build configuration list for PBXProject "iOS12-HW11-Andrey-Manuilov" */;
			compatibilityVersion = "Xcode 14.0";
			developmentRegion = en;
			hasScannedForEncodings = 0;
			knownRegions = (
				en,
				Base,
			);
			mainGroup = B63BEA942B54103F00086648;
			packageReferences = (
				B63BEABE2B541D8400086648 /* XCRemoteSwiftPackageReference "SnapKit" */,
			);
			productRefGroup = B63BEA9E2B54103F00086648 /* Products */;
			projectDirPath = "";
			projectRoot = "";
			targets = (
				B63BEA9C2B54103F00086648 /* iOS12-HW11-Andrey-Manuilov */,
			);
		};
/* End PBXProject section */

/* Begin PBXResourcesBuildPhase section */
		B63BEA9B2B54103F00086648 /* Resources */ = {
			isa = PBXResourcesBuildPhase;
			buildActionMask = 2147483647;
			files = (
				B63BEAAD2B54104000086648 /* LaunchScreen.storyboard in Resources */,
				B63BEABA2B54155700086648 /* .gitignore in Resources */,
				B63BEABD2B54158800086648 /* README.md in Resources */,
				B63BEAAA2B54104000086648 /* Assets.xcassets in Resources */,
			);
			runOnlyForDeploymentPostprocessing = 0;
		};
/* End PBXResourcesBuildPhase section */

/* Begin PBXSourcesBuildPhase section */
		B63BEA992B54103F00086648 /* Sources */ = {
			isa = PBXSourcesBuildPhase;
			buildActionMask = 2147483647;
			files = (
				B63BEAA52B54103F00086648 /* ViewController.swift in Sources */,
				B63BEAC52B541EA800086648 /* UITextField+Extensions.swift in Sources */,
				B63BEAA12B54103F00086648 /* AppDelegate.swift in Sources */,
				B63BEAC92B541F9000086648 /* UIButton+Extensions.swift in Sources */,
				B63BEAA32B54103F00086648 /* SceneDelegate.swift in Sources */,
			);
			runOnlyForDeploymentPostprocessing = 0;
		};
/* End PBXSourcesBuildPhase section */

/* Begin PBXVariantGroup section */
		B63BEAAB2B54104000086648 /* LaunchScreen.storyboard */ = {
			isa = PBXVariantGroup;
			children = (
				B63BEAAC2B54104000086648 /* Base */,
			);
			name = LaunchScreen.storyboard;
			sourceTree = "<group>";
		};
/* End PBXVariantGroup section */

/* Begin XCBuildConfiguration section */
		B63BEAAF2B54104000086648 /* Debug */ = {
			isa = XCBuildConfiguration;
			buildSettings = {
				ALWAYS_SEARCH_USER_PATHS = NO;
				ASSETCATALOG_COMPILER_GENERATE_SWIFT_ASSET_SYMBOL_EXTENSIONS = YES;
				CLANG_ANALYZER_NONNULL = YES;
				CLANG_ANALYZER_NUMBER_OBJECT_CONVERSION = YES_AGGRESSIVE;
				CLANG_CXX_LANGUAGE_STANDARD = "gnu++20";
				CLANG_ENABLE_MODULES = YES;
				CLANG_ENABLE_OBJC_ARC = YES;
				CLANG_ENABLE_OBJC_WEAK = YES;
				CLANG_WARN_BLOCK_CAPTURE_AUTORELEASING = YES;
				CLANG_WARN_BOOL_CONVERSION = YES;
				CLANG_WARN_COMMA = YES;
				CLANG_WARN_CONSTANT_CONVERSION = YES;
				CLANG_WARN_DEPRECATED_OBJC_IMPLEMENTATIONS = YES;
				CLANG_WARN_DIRECT_OBJC_ISA_USAGE = YES_ERROR;
				CLANG_WARN_DOCUMENTATION_COMMENTS = YES;
				CLANG_WARN_EMPTY_BODY = YES;
				CLANG_WARN_ENUM_CONVERSION = YES;
				CLANG_WARN_INFINITE_RECURSION = YES;
				CLANG_WARN_INT_CONVERSION = YES;
				CLANG_WARN_NON_LITERAL_NULL_CONVERSION = YES;
				CLANG_WARN_OBJC_IMPLICIT_RETAIN_SELF = YES;
				CLANG_WARN_OBJC_LITERAL_CONVERSION = YES;
				CLANG_WARN_OBJC_ROOT_CLASS = YES_ERROR;
				CLANG_WARN_QUOTED_INCLUDE_IN_FRAMEWORK_HEADER = YES;
				CLANG_WARN_RANGE_LOOP_ANALYSIS = YES;
				CLANG_WARN_STRICT_PROTOTYPES = YES;
				CLANG_WARN_SUSPICIOUS_MOVE = YES;
				CLANG_WARN_UNGUARDED_AVAILABILITY = YES_AGGRESSIVE;
				CLANG_WARN_UNREACHABLE_CODE = YES;
				CLANG_WARN__DUPLICATE_METHOD_MATCH = YES;
				COPY_PHASE_STRIP = NO;
				DEBUG_INFORMATION_FORMAT = dwarf;
				ENABLE_STRICT_OBJC_MSGSEND = YES;
				ENABLE_TESTABILITY = YES;
				ENABLE_USER_SCRIPT_SANDBOXING = YES;
				GCC_C_LANGUAGE_STANDARD = gnu17;
				GCC_DYNAMIC_NO_PIC = NO;
				GCC_NO_COMMON_BLOCKS = YES;
				GCC_OPTIMIZATION_LEVEL = 0;
				GCC_PREPROCESSOR_DEFINITIONS = (
					"DEBUG=1",
					"$(inherited)",
				);
				GCC_WARN_64_TO_32_BIT_CONVERSION = YES;
				GCC_WARN_ABOUT_RETURN_TYPE = YES_ERROR;
				GCC_WARN_UNDECLARED_SELECTOR = YES;
				GCC_WARN_UNINITIALIZED_AUTOS = YES_AGGRESSIVE;
				GCC_WARN_UNUSED_FUNCTION = YES;
				GCC_WARN_UNUSED_VARIABLE = YES;
				IPHONEOS_DEPLOYMENT_TARGET = 17.0;
				LOCALIZATION_PREFERS_STRING_CATALOGS = YES;
				MTL_ENABLE_DEBUG_INFO = INCLUDE_SOURCE;
				MTL_FAST_MATH = YES;
				ONLY_ACTIVE_ARCH = YES;
				SDKROOT = iphoneos;
				SWIFT_ACTIVE_COMPILATION_CONDITIONS = "DEBUG $(inherited)";
				SWIFT_OPTIMIZATION_LEVEL = "-Onone";
			};
			name = Debug;
		};
		B63BEAB02B54104000086648 /* Release */ = {
			isa = XCBuildConfiguration;
			buildSettings = {
				ALWAYS_SEARCH_USER_PATHS = NO;
				ASSETCATALOG_COMPILER_GENERATE_SWIFT_ASSET_SYMBOL_EXTENSIONS = YES;
				CLANG_ANALYZER_NONNULL = YES;
				CLANG_ANALYZER_NUMBER_OBJECT_CONVERSION = YES_AGGRESSIVE;
				CLANG_CXX_LANGUAGE_STANDARD = "gnu++20";
				CLANG_ENABLE_MODULES = YES;
				CLANG_ENABLE_OBJC_ARC = YES;
				CLANG_ENABLE_OBJC_WEAK = YES;
				CLANG_WARN_BLOCK_CAPTURE_AUTORELEASING = YES;
				CLANG_WARN_BOOL_CONVERSION = YES;
				CLANG_WARN_COMMA = YES;
				CLANG_WARN_CONSTANT_CONVERSION = YES;
				CLANG_WARN_DEPRECATED_OBJC_IMPLEMENTATIONS = YES;
				CLANG_WARN_DIRECT_OBJC_ISA_USAGE = YES_ERROR;
				CLANG_WARN_DOCUMENTATION_COMMENTS = YES;
				CLANG_WARN_EMPTY_BODY = YES;
				CLANG_WARN_ENUM_CONVERSION = YES;
				CLANG_WARN_INFINITE_RECURSION = YES;
				CLANG_WARN_INT_CONVERSION = YES;
				CLANG_WARN_NON_LITERAL_NULL_CONVERSION = YES;
				CLANG_WARN_OBJC_IMPLICIT_RETAIN_SELF = YES;
				CLANG_WARN_OBJC_LITERAL_CONVERSION = YES;
				CLANG_WARN_OBJC_ROOT_CLASS = YES_ERROR;
				CLANG_WARN_QUOTED_INCLUDE_IN_FRAMEWORK_HEADER = YES;
				CLANG_WARN_RANGE_LOOP_ANALYSIS = YES;
				CLANG_WARN_STRICT_PROTOTYPES = YES;
				CLANG_WARN_SUSPICIOUS_MOVE = YES;
				CLANG_WARN_UNGUARDED_AVAILABILITY = YES_AGGRESSIVE;
				CLANG_WARN_UNREACHABLE_CODE = YES;
				CLANG_WARN__DUPLICATE_METHOD_MATCH = YES;
				COPY_PHASE_STRIP = NO;
				DEBUG_INFORMATION_FORMAT = "dwarf-with-dsym";
				ENABLE_NS_ASSERTIONS = NO;
				ENABLE_STRICT_OBJC_MSGSEND = YES;
				ENABLE_USER_SCRIPT_SANDBOXING = YES;
				GCC_C_LANGUAGE_STANDARD = gnu17;
				GCC_NO_COMMON_BLOCKS = YES;
				GCC_WARN_64_TO_32_BIT_CONVERSION = YES;
				GCC_WARN_ABOUT_RETURN_TYPE = YES_ERROR;
				GCC_WARN_UNDECLARED_SELECTOR = YES;
				GCC_WARN_UNINITIALIZED_AUTOS = YES_AGGRESSIVE;
				GCC_WARN_UNUSED_FUNCTION = YES;
				GCC_WARN_UNUSED_VARIABLE = YES;
				IPHONEOS_DEPLOYMENT_TARGET = 17.0;
				LOCALIZATION_PREFERS_STRING_CATALOGS = YES;
				MTL_ENABLE_DEBUG_INFO = NO;
				MTL_FAST_MATH = YES;
				SDKROOT = iphoneos;
				SWIFT_COMPILATION_MODE = wholemodule;
				VALIDATE_PRODUCT = YES;
			};
			name = Release;
		};
		B63BEAB22B54104000086648 /* Debug */ = {
			isa = XCBuildConfiguration;
			buildSettings = {
				ASSETCATALOG_COMPILER_APPICON_NAME = AppIcon;
				ASSETCATALOG_COMPILER_GLOBAL_ACCENT_COLOR_NAME = AccentColor;
				CODE_SIGN_STYLE = Automatic;
				CURRENT_PROJECT_VERSION = 1;
				GENERATE_INFOPLIST_FILE = YES;
				INFOPLIST_FILE = "iOS12-HW11-Andrey-Manuilov/Resources/Configuration/Info.plist";
				INFOPLIST_KEY_UIApplicationSupportsIndirectInputEvents = YES;
				INFOPLIST_KEY_UILaunchStoryboardName = LaunchScreen;
				INFOPLIST_KEY_UIMainStoryboardFile = LaunchScreen;
				INFOPLIST_KEY_UISupportedInterfaceOrientations_iPad = "UIInterfaceOrientationPortrait UIInterfaceOrientationPortraitUpsideDown UIInterfaceOrientationLandscapeLeft UIInterfaceOrientationLandscapeRight";
				INFOPLIST_KEY_UISupportedInterfaceOrientations_iPhone = "UIInterfaceOrientationPortrait UIInterfaceOrientationLandscapeLeft UIInterfaceOrientationLandscapeRight";
				LD_RUNPATH_SEARCH_PATHS = (
					"$(inherited)",
					"@executable_path/Frameworks",
				);
				MARKETING_VERSION = 1.0;
				PRODUCT_BUNDLE_IDENTIFIER = "com.my.iOS12-HW11-Andrey-Manuilov";
				PRODUCT_NAME = "$(TARGET_NAME)";
				SUPPORTED_PLATFORMS = "iphoneos iphonesimulator";
				SUPPORTS_MACCATALYST = NO;
				SWIFT_EMIT_LOC_STRINGS = YES;
				SWIFT_VERSION = 5.0;
				TARGETED_DEVICE_FAMILY = 1;
			};
			name = Debug;
		};
		B63BEAB32B54104000086648 /* Release */ = {
			isa = XCBuildConfiguration;
			buildSettings = {
				ASSETCATALOG_COMPILER_APPICON_NAME = AppIcon;
				ASSETCATALOG_COMPILER_GLOBAL_ACCENT_COLOR_NAME = AccentColor;
				CODE_SIGN_STYLE = Automatic;
				CURRENT_PROJECT_VERSION = 1;
				GENERATE_INFOPLIST_FILE = YES;
				INFOPLIST_FILE = "iOS12-HW11-Andrey-Manuilov/Resources/Configuration/Info.plist";
				INFOPLIST_KEY_UIApplicationSupportsIndirectInputEvents = YES;
				INFOPLIST_KEY_UILaunchStoryboardName = LaunchScreen;
				INFOPLIST_KEY_UIMainStoryboardFile = LaunchScreen;
				INFOPLIST_KEY_UISupportedInterfaceOrientations_iPad = "UIInterfaceOrientationPortrait UIInterfaceOrientationPortraitUpsideDown UIInterfaceOrientationLandscapeLeft UIInterfaceOrientationLandscapeRight";
				INFOPLIST_KEY_UISupportedInterfaceOrientations_iPhone = "UIInterfaceOrientationPortrait UIInterfaceOrientationLandscapeLeft UIInterfaceOrientationLandscapeRight";
				LD_RUNPATH_SEARCH_PATHS = (
					"$(inherited)",
					"@executable_path/Frameworks",
				);
				MARKETING_VERSION = 1.0;
				PRODUCT_BUNDLE_IDENTIFIER = "com.my.iOS12-HW11-Andrey-Manuilov";
				PRODUCT_NAME = "$(TARGET_NAME)";
				SUPPORTED_PLATFORMS = "iphoneos iphonesimulator";
				SUPPORTS_MACCATALYST = NO;
				SWIFT_EMIT_LOC_STRINGS = YES;
				SWIFT_VERSION = 5.0;
				TARGETED_DEVICE_FAMILY = 1;
			};
			name = Release;
		};
/* End XCBuildConfiguration section */

/* Begin XCConfigurationList section */
		B63BEA982B54103F00086648 /* Build configuration list for PBXProject "iOS12-HW11-Andrey-Manuilov" */ = {
			isa = XCConfigurationList;
			buildConfigurations = (
				B63BEAAF2B54104000086648 /* Debug */,
				B63BEAB02B54104000086648 /* Release */,
			);
			defaultConfigurationIsVisible = 0;
			defaultConfigurationName = Release;
		};
		B63BEAB12B54104000086648 /* Build configuration list for PBXNativeTarget "iOS12-HW11-Andrey-Manuilov" */ = {
			isa = XCConfigurationList;
			buildConfigurations = (
				B63BEAB22B54104000086648 /* Debug */,
				B63BEAB32B54104000086648 /* Release */,
			);
			defaultConfigurationIsVisible = 0;
			defaultConfigurationName = Release;
		};
/* End XCConfigurationList section */

/* Begin XCRemoteSwiftPackageReference section */
		B63BEABE2B541D8400086648 /* XCRemoteSwiftPackageReference "SnapKit" */ = {
			isa = XCRemoteSwiftPackageReference;
			repositoryURL = "https://github.com/SnapKit/SnapKit";
			requirement = {
				kind = upToNextMajorVersion;
				minimumVersion = 5.7.0;
			};
		};
/* End XCRemoteSwiftPackageReference section */

/* Begin XCSwiftPackageProductDependency section */
		B63BEABF2B541D8400086648 /* SnapKit */ = {
			isa = XCSwiftPackageProductDependency;
			package = B63BEABE2B541D8400086648 /* XCRemoteSwiftPackageReference "SnapKit" */;
			productName = SnapKit;
		};
		B63BEAC12B541D8400086648 /* SnapKit-Dynamic */ = {
			isa = XCSwiftPackageProductDependency;
			package = B63BEABE2B541D8400086648 /* XCRemoteSwiftPackageReference "SnapKit" */;
			productName = "SnapKit-Dynamic";
		};
/* End XCSwiftPackageProductDependency section */
	};
	rootObject = B63BEA952B54103F00086648 /* Project object */;
}
